
Microsoft Visual Studio Solution File, Format Version 12.00
# Visual Studio Version 17
VisualStudioVersion = 17.3.32922.545
MinimumVisualStudioVersion = 10.0.40219.1
Project("{FAE04EC0-301F-11D3-BF4B-00C04F79EFBC}") = "NZWalks.API", "NZWalks.API\NZWalks.API.csproj", "{8F947A32-B72F-46B2-9342-06DC7647C9B3}"
EndProject
Global
	GlobalSection(SolutionConfigurationPlatforms) = preSolution
		Debug|Any CPU = Debug|Any CPU
		Release|Any CPU = Release|Any CPU
	EndGlobalSection
	GlobalSection(ProjectConfigurationPlatforms) = postSolution
		{8F947A32-B72F-46B2-9342-06DC7647C9B3}.Debug|Any CPU.ActiveCfg = Debug|Any CPU
		{8F947A32-B72F-46B2-9342-06DC7647C9B3}.Debug|Any CPU.Build.0 = Debug|Any CPU
		{8F947A32-B72F-46B2-9342-06DC7647C9B3}.Release|Any CPU.ActiveCfg = Release|Any CPU
		{8F947A32-B72F-46B2-9342-06DC7647C9B3}.Release|Any CPU.Build.0 = Release|Any CPU
	EndGlobalSection
	GlobalSection(SolutionProperties) = preSolution
		HideSolutionNode = FALSE
	EndGlobalSection
	GlobalSection(ExtensibilityGlobals) = postSolution
		SolutionGuid = {610D6EE5-E23F-4E01-B27F-F6B40E3280FF}
	EndGlobalSection
EndGlobal
